
Microsoft Visual Studio Solution File, Format Version 12.00
# Visual Studio Version 17
VisualStudioVersion = 17.4.33110.190
MinimumVisualStudioVersion = 10.0.40219.1
Project("{FAE04EC0-301F-11D3-BF4B-00C04F79EFBC}") = "AspCoreKeedaRestFulAPIConsuming", "AspCoreKeedaRestFulAPIConsuming\AspCoreKeedaRestFulAPIConsuming.csproj", "{B52300B2-A2DF-4671-82C8-5BF2A4A35D36}"
EndProject
Global
	GlobalSection(SolutionConfigurationPlatforms) = preSolution
		Debug|Any CPU = Debug|Any CPU
		Release|Any CPU = Release|Any CPU
	EndGlobalSection
	GlobalSection(ProjectConfigurationPlatforms) = postSolution
		{B52300B2-A2DF-4671-82C8-5BF2A4A35D36}.Debug|Any CPU.ActiveCfg = Debug|Any CPU
		{B52300B2-A2DF-4671-82C8-5BF2A4A35D36}.Debug|Any CPU.Build.0 = Debug|Any CPU
		{B52300B2-A2DF-4671-82C8-5BF2A4A35D36}.Release|Any CPU.ActiveCfg = Release|Any CPU
		{B52300B2-A2DF-4671-82C8-5BF2A4A35D36}.Release|Any CPU.Build.0 = Release|Any CPU
	EndGlobalSection
	GlobalSection(SolutionProperties) = preSolution
		HideSolutionNode = FALSE
	EndGlobalSection
	GlobalSection(ExtensibilityGlobals) = postSolution
		SolutionGuid = {180A813B-2C8C-4074-BC31-778DBD122BF2}
	EndGlobalSection
EndGlobal
